
Microsoft Visual Studio Solution File, Format Version 12.00
# Visual Studio Version 16
VisualStudioVersion = 16.0.32002.261
MinimumVisualStudioVersion = 10.0.40219.1
Project("{9A19103F-16F7-4668-BE54-9A1E7A4F7556}") = "Mission7", "Mission7.csproj", "{B5397315-CA5F-4559-A69C-05BCB4DBF01E}"
EndProject
Global
	GlobalSection(SolutionConfigurationPlatforms) = preSolution
		Debug|Any CPU = Debug|Any CPU
		Release|Any CPU = Release|Any CPU
	EndGlobalSection
	GlobalSection(ProjectConfigurationPlatforms) = postSolution
		{B5397315-CA5F-4559-A69C-05BCB4DBF01E}.Debug|Any CPU.ActiveCfg = Debug|Any CPU
		{B5397315-CA5F-4559-A69C-05BCB4DBF01E}.Debug|Any CPU.Build.0 = Debug|Any CPU
		{B5397315-CA5F-4559-A69C-05BCB4DBF01E}.Release|Any CPU.ActiveCfg = Release|Any CPU
		{B5397315-CA5F-4559-A69C-05BCB4DBF01E}.Release|Any CPU.Build.0 = Release|Any CPU
	EndGlobalSection
	GlobalSection(SolutionProperties) = preSolution
		HideSolutionNode = FALSE
	EndGlobalSection
	GlobalSection(ExtensibilityGlobals) = postSolution
		SolutionGuid = {D8FE21C1-8724-442E-96AE-F0D210B51ED3}
	EndGlobalSection
EndGlobal
